// !$*UTF8*$!
{
	archiveVersion = 1;
	classes = {
	};
	objectVersion = 77;
	objects = {

/* Begin PBXBuildFile section */
		1BB4ABC72E3EF4BC0034BB03 /* HomeView.swift in Sources */ = {isa = PBXBuildFile; fileRef = 1BB4ABBF2E3EF4BC0034BB03 /* HomeView.swift */; };
		1BB4ABC82E3EF4BC0034BB03 /* MedTrack.xcdatamodeld in Sources */ = {isa = PBXBuildFile; fileRef = 1BB4ABC22E3EF4BC0034BB03 /* MedTrack.xcdatamodeld */; };
		1BB4ABC92E3EF4BC0034BB03 /* MedTrackApp.swift in Sources */ = {isa = PBXBuildFile; fileRef = 1BB4ABC32E3EF4BC0034BB03 /* MedTrackApp.swift */; };
		1BB4ABCA2E3EF4BC0034BB03 /* Persistence.swift in Sources */ = {isa = PBXBuildFile; fileRef = 1BB4ABC42E3EF4BC0034BB03 /* Persistence.swift */; };
		1BB4ABCB2E3EF4BC0034BB03 /* Assets.xcassets in Resources */ = {isa = PBXBuildFile; fileRef = 1BB4ABBE2E3EF4BC0034BB03 /* Assets.xcassets */; };
		1BB4ABE12E3EFC3F0034BB03 /* MedicineViewModel.swift in Sources */ = {isa = PBXBuildFile; fileRef = 1BB4ABE02E3EFC380034BB03 /* MedicineViewModel.swift */; };
		1BB4ABE32E41298F0034BB03 /* AddMedicineView.swift in Sources */ = {isa = PBXBuildFile; fileRef = 1BB4ABE22E4129610034BB03 /* AddMedicineView.swift */; };
		1BB4ABE52E4187190034BB03 /* MedicineDetailView.swift in Sources */ = {isa = PBXBuildFile; fileRef = 1BB4ABE42E4187170034BB03 /* MedicineDetailView.swift */; };
		1BB4ABE72E44399E0034BB03 /* NotificationManager.swift in Sources */ = {isa = PBXBuildFile; fileRef = 1BB4ABE62E4439930034BB03 /* NotificationManager.swift */; };
		1BF4121B2E5111FA00C077DB /* HapticsManager.swift in Sources */ = {isa = PBXBuildFile; fileRef = 1BF4121A2E5111FA00C077DB /* HapticsManager.swift */; };
		1BF4122C2E54094D00C077DB /* ProfileView.swift in Sources */ = {isa = PBXBuildFile; fileRef = 1BF4122B2E54094D00C077DB /* ProfileView.swift */; };
/* End PBXBuildFile section */

/* Begin PBXContainerItemProxy section */
		1BB4AB822E3EF43A0034BB03 /* PBXContainerItemProxy */ = {
			isa = PBXContainerItemProxy;
			containerPortal = 1BB4AB652E3EF4380034BB03 /* Project object */;
			proxyType = 1;
			remoteGlobalIDString = 1BB4AB6C2E3EF4380034BB03;
			remoteInfo = MedTrack;
		};
		1BB4AB8C2E3EF43A0034BB03 /* PBXContainerItemProxy */ = {
			isa = PBXContainerItemProxy;
			containerPortal = 1BB4AB652E3EF4380034BB03 /* Project object */;
			proxyType = 1;
			remoteGlobalIDString = 1BB4AB6C2E3EF4380034BB03;
			remoteInfo = MedTrack;
		};
/* End PBXContainerItemProxy section */

/* Begin PBXFileReference section */
		1BB4AB6D2E3EF4380034BB03 /* MedTrack.app */ = {isa = PBXFileReference; explicitFileType = wrapper.application; includeInIndex = 0; path = MedTrack.app; sourceTree = BUILT_PRODUCTS_DIR; };
		1BB4AB812E3EF43A0034BB03 /* MedTrackTests.xctest */ = {isa = PBXFileReference; explicitFileType = wrapper.cfbundle; includeInIndex = 0; path = MedTrackTests.xctest; sourceTree = BUILT_PRODUCTS_DIR; };
		1BB4AB8B2E3EF43A0034BB03 /* MedTrackUITests.xctest */ = {isa = PBXFileReference; explicitFileType = wrapper.cfbundle; includeInIndex = 0; path = MedTrackUITests.xctest; sourceTree = BUILT_PRODUCTS_DIR; };
		1BB4ABBE2E3EF4BC0034BB03 /* Assets.xcassets */ = {isa = PBXFileReference; lastKnownFileType = folder.assetcatalog; path = Assets.xcassets; sourceTree = "<group>"; };
		1BB4ABBF2E3EF4BC0034BB03 /* HomeView.swift */ = {isa = PBXFileReference; lastKnownFileType = sourcecode.swift; path = HomeView.swift; sourceTree = "<group>"; };
		1BB4ABC02E3EF4BC0034BB03 /* Info.plist */ = {isa = PBXFileReference; lastKnownFileType = text.plist.xml; path = Info.plist; sourceTree = "<group>"; };
		1BB4ABC12E3EF4BC0034BB03 /* MedTrack.entitlements */ = {isa = PBXFileReference; lastKnownFileType = text.plist.entitlements; path = MedTrack.entitlements; sourceTree = "<group>"; };
		1BB4ABC32E3EF4BC0034BB03 /* MedTrackApp.swift */ = {isa = PBXFileReference; lastKnownFileType = sourcecode.swift; path = MedTrackApp.swift; sourceTree = "<group>"; };
		1BB4ABC42E3EF4BC0034BB03 /* Persistence.swift */ = {isa = PBXFileReference; lastKnownFileType = sourcecode.swift; path = Persistence.swift; sourceTree = "<group>"; };
		1BB4ABC62E3EF4BC0034BB03 /* MedTrack.xcdatamodel */ = {isa = PBXFileReference; lastKnownFileType = wrapper.xcdatamodel; path = MedTrack.xcdatamodel; sourceTree = "<group>"; };
		1BB4ABE02E3EFC380034BB03 /* MedicineViewModel.swift */ = {isa = PBXFileReference; lastKnownFileType = sourcecode.swift; path = MedicineViewModel.swift; sourceTree = "<group>"; };
		1BB4ABE22E4129610034BB03 /* AddMedicineView.swift */ = {isa = PBXFileReference; lastKnownFileType = sourcecode.swift; path = AddMedicineView.swift; sourceTree = "<group>"; };
		1BB4ABE42E4187170034BB03 /* MedicineDetailView.swift */ = {isa = PBXFileReference; lastKnownFileType = sourcecode.swift; path = MedicineDetailView.swift; sourceTree = "<group>"; };
		1BB4ABE62E4439930034BB03 /* NotificationManager.swift */ = {isa = PBXFileReference; lastKnownFileType = sourcecode.swift; path = NotificationManager.swift; sourceTree = "<group>"; };
		1BF4121A2E5111FA00C077DB /* HapticsManager.swift */ = {isa = PBXFileReference; lastKnownFileType = sourcecode.swift; path = HapticsManager.swift; sourceTree = "<group>"; };
		1BF4122B2E54094D00C077DB /* ProfileView.swift */ = {isa = PBXFileReference; lastKnownFileType = sourcecode.swift; path = ProfileView.swift; sourceTree = "<group>"; };
/* End PBXFileReference section */

/* Begin PBXFileSystemSynchronizedRootGroup section */
		1BB4AB842E3EF43A0034BB03 /* MedTrackTests */ = {
			isa = PBXFileSystemSynchronizedRootGroup;
			path = MedTrackTests;
			sourceTree = "<group>";
		};
		1BB4AB8E2E3EF43A0034BB03 /* MedTrackUITests */ = {
			isa = PBXFileSystemSynchronizedRootGroup;
			path = MedTrackUITests;
			sourceTree = "<group>";
		};
/* End PBXFileSystemSynchronizedRootGroup section */

/* Begin PBXFrameworksBuildPhase section */
		1BB4AB6A2E3EF4380034BB03 /* Frameworks */ = {
			isa = PBXFrameworksBuildPhase;
			buildActionMask = 2147483647;
			files = (
			);
			runOnlyForDeploymentPostprocessing = 0;
		};
		1BB4AB7E2E3EF43A0034BB03 /* Frameworks */ = {
			isa = PBXFrameworksBuildPhase;
			buildActionMask = 2147483647;
			files = (
			);
			runOnlyForDeploymentPostprocessing = 0;
		};
		1BB4AB882E3EF43A0034BB03 /* Frameworks */ = {
			isa = PBXFrameworksBuildPhase;
			buildActionMask = 2147483647;
			files = (
			);
			runOnlyForDeploymentPostprocessing = 0;
		};
/* End PBXFrameworksBuildPhase section */

/* Begin PBXGroup section */
		1BB4AB642E3EF4380034BB03 = {
			isa = PBXGroup;
			children = (
				1BB4ABC52E3EF4BC0034BB03 /* MedTrack */,
				1BB4AB842E3EF43A0034BB03 /* MedTrackTests */,
				1BB4AB8E2E3EF43A0034BB03 /* MedTrackUITests */,
				1BB4AB6E2E3EF4380034BB03 /* Products */,
			);
			sourceTree = "<group>";
		};
		1BB4AB6E2E3EF4380034BB03 /* Products */ = {
			isa = PBXGroup;
			children = (
				1BB4AB6D2E3EF4380034BB03 /* MedTrack.app */,
				1BB4AB812E3EF43A0034BB03 /* MedTrackTests.xctest */,
				1BB4AB8B2E3EF43A0034BB03 /* MedTrackUITests.xctest */,
			);
			name = Products;
			sourceTree = "<group>";
		};
		1BB4ABC52E3EF4BC0034BB03 /* MedTrack */ = {
			isa = PBXGroup;
			children = (
				1BB4ABDF2E3EF6050034BB03 /* Resources */,
				1BB4ABDE2E3EF6000034BB03 /* Services */,
				1BB4ABDD2E3EF5F70034BB03 /* ViewModels */,
				1BB4ABDC2E3EF5F10034BB03 /* Views */,
				1BB4ABDB2E3EF5E80034BB03 /* Models */,
				1BB4ABC32E3EF4BC0034BB03 /* MedTrackApp.swift */,
				1BB4ABC02E3EF4BC0034BB03 /* Info.plist */,
				1BB4ABC12E3EF4BC0034BB03 /* MedTrack.entitlements */,
			);
			path = MedTrack;
			sourceTree = "<group>";
		};
		1BB4ABDB2E3EF5E80034BB03 /* Models */ = {
			isa = PBXGroup;
			children = (
				1BB4ABC22E3EF4BC0034BB03 /* MedTrack.xcdatamodeld */,
			);
			path = Models;
			sourceTree = "<group>";
		};
		1BB4ABDC2E3EF5F10034BB03 /* Views */ = {
			isa = PBXGroup;
			children = (
				1BF4122B2E54094D00C077DB /* ProfileView.swift */,
				1BB4ABE42E4187170034BB03 /* MedicineDetailView.swift */,
				1BB4ABE22E4129610034BB03 /* AddMedicineView.swift */,
				1BB4ABBF2E3EF4BC0034BB03 /* HomeView.swift */,
			);
			path = Views;
			sourceTree = "<group>";
		};
		1BB4ABDD2E3EF5F70034BB03 /* ViewModels */ = {
			isa = PBXGroup;
			children = (
				1BB4ABE02E3EFC380034BB03 /* MedicineViewModel.swift */,
			);
			path = ViewModels;
			sourceTree = "<group>";
		};
		1BB4ABDE2E3EF6000034BB03 /* Services */ = {
			isa = PBXGroup;
			children = (
				1BF4121A2E5111FA00C077DB /* HapticsManager.swift */,
				1BB4ABE62E4439930034BB03 /* NotificationManager.swift */,
				1BB4ABC42E3EF4BC0034BB03 /* Persistence.swift */,
			);
			path = Services;
			sourceTree = "<group>";
		};
		1BB4ABDF2E3EF6050034BB03 /* Resources */ = {
			isa = PBXGroup;
			children = (
				1BB4ABBE2E3EF4BC0034BB03 /* Assets.xcassets */,
			);
			path = Resources;
			sourceTree = "<group>";
		};
/* End PBXGroup section */

/* Begin PBXNativeTarget section */
		1BB4AB6C2E3EF4380034BB03 /* MedTrack */ = {
			isa = PBXNativeTarget;
			buildConfigurationList = 1BB4AB942E3EF43A0034BB03 /* Build configuration list for PBXNativeTarget "MedTrack" */;
			buildPhases = (
				1BB4AB692E3EF4380034BB03 /* Sources */,
				1BB4AB6A2E3EF4380034BB03 /* Frameworks */,
				1BB4AB6B2E3EF4380034BB03 /* Resources */,
			);
			buildRules = (
			);
			dependencies = (
			);
			name = MedTrack;
			packageProductDependencies = (
			);
			productName = MedTrack;
			productReference = 1BB4AB6D2E3EF4380034BB03 /* MedTrack.app */;
			productType = "com.apple.product-type.application";
		};
		1BB4AB802E3EF43A0034BB03 /* MedTrackTests */ = {
			isa = PBXNativeTarget;
			buildConfigurationList = 1BB4AB992E3EF43A0034BB03 /* Build configuration list for PBXNativeTarget "MedTrackTests" */;
			buildPhases = (
				1BB4AB7D2E3EF43A0034BB03 /* Sources */,
				1BB4AB7E2E3EF43A0034BB03 /* Frameworks */,
				1BB4AB7F2E3EF43A0034BB03 /* Resources */,
			);
			buildRules = (
			);
			dependencies = (
				1BB4AB832E3EF43A0034BB03 /* PBXTargetDependency */,
			);
			fileSystemSynchronizedGroups = (
				1BB4AB842E3EF43A0034BB03 /* MedTrackTests */,
			);
			name = MedTrackTests;
			packageProductDependencies = (
			);
			productName = MedTrackTests;
			productReference = 1BB4AB812E3EF43A0034BB03 /* MedTrackTests.xctest */;
			productType = "com.apple.product-type.bundle.unit-test";
		};
		1BB4AB8A2E3EF43A0034BB03 /* MedTrackUITests */ = {
			isa = PBXNativeTarget;
			buildConfigurationList = 1BB4AB9C2E3EF43A0034BB03 /* Build configuration list for PBXNativeTarget "MedTrackUITests" */;
			buildPhases = (
				1BB4AB872E3EF43A0034BB03 /* Sources */,
				1BB4AB882E3EF43A0034BB03 /* Frameworks */,
				1BB4AB892E3EF43A0034BB03 /* Resources */,
			);
			buildRules = (
			);
			dependencies = (
				1BB4AB8D2E3EF43A0034BB03 /* PBXTargetDependency */,
			);
			fileSystemSynchronizedGroups = (
				1BB4AB8E2E3EF43A0034BB03 /* MedTrackUITests */,
			);
			name = MedTrackUITests;
			packageProductDependencies = (
			);
			productName = MedTrackUITests;
			productReference = 1BB4AB8B2E3EF43A0034BB03 /* MedTrackUITests.xctest */;
			productType = "com.apple.product-type.bundle.ui-testing";
		};
/* End PBXNativeTarget section */

/* Begin PBXProject section */
		1BB4AB652E3EF4380034BB03 /* Project object */ = {
			isa = PBXProject;
			attributes = {
				BuildIndependentTargetsInParallel = 1;
				LastSwiftUpdateCheck = 1640;
				LastUpgradeCheck = 1640;
				TargetAttributes = {
					1BB4AB6C2E3EF4380034BB03 = {
						CreatedOnToolsVersion = 16.4;
					};
					1BB4AB802E3EF43A0034BB03 = {
						CreatedOnToolsVersion = 16.4;
						TestTargetID = 1BB4AB6C2E3EF4380034BB03;
					};
					1BB4AB8A2E3EF43A0034BB03 = {
						CreatedOnToolsVersion = 16.4;
						TestTargetID = 1BB4AB6C2E3EF4380034BB03;
					};
				};
			};
			buildConfigurationList = 1BB4AB682E3EF4380034BB03 /* Build configuration list for PBXProject "MedTrack" */;
			developmentRegion = en;
			hasScannedForEncodings = 0;
			knownRegions = (
				en,
				Base,
			);
			mainGroup = 1BB4AB642E3EF4380034BB03;
			minimizedProjectReferenceProxies = 1;
			preferredProjectObjectVersion = 77;
			productRefGroup = 1BB4AB6E2E3EF4380034BB03 /* Products */;
			projectDirPath = "";
			projectRoot = "";
			targets = (
				1BB4AB6C2E3EF4380034BB03 /* MedTrack */,
				1BB4AB802E3EF43A0034BB03 /* MedTrackTests */,
				1BB4AB8A2E3EF43A0034BB03 /* MedTrackUITests */,
			);
		};
/* End PBXProject section */

/* Begin PBXResourcesBuildPhase section */
		1BB4AB6B2E3EF4380034BB03 /* Resources */ = {
			isa = PBXResourcesBuildPhase;
			buildActionMask = 2147483647;
			files = (
				1BB4ABCB2E3EF4BC0034BB03 /* Assets.xcassets in Resources */,
			);
			runOnlyForDeploymentPostprocessing = 0;
		};
		1BB4AB7F2E3EF43A0034BB03 /* Resources */ = {
			isa = PBXResourcesBuildPhase;
			buildActionMask = 2147483647;
			files = (
			);
			runOnlyForDeploymentPostprocessing = 0;
		};
		1BB4AB892E3EF43A0034BB03 /* Resources */ = {
			isa = PBXResourcesBuildPhase;
			buildActionMask = 2147483647;
			files = (
			);
			runOnlyForDeploymentPostprocessing = 0;
		};
/* End PBXResourcesBuildPhase section */

/* Begin PBXSourcesBuildPhase section */
		1BB4AB692E3EF4380034BB03 /* Sources */ = {
			isa = PBXSourcesBuildPhase;
			buildActionMask = 2147483647;
			files = (
				1BF4121B2E5111FA00C077DB /* HapticsManager.swift in Sources */,
				1BB4ABE52E4187190034BB03 /* MedicineDetailView.swift in Sources */,
				1BF4122C2E54094D00C077DB /* ProfileView.swift in Sources */,
				1BB4ABC72E3EF4BC0034BB03 /* HomeView.swift in Sources */,
				1BB4ABE12E3EFC3F0034BB03 /* MedicineViewModel.swift in Sources */,
				1BB4ABC82E3EF4BC0034BB03 /* MedTrack.xcdatamodeld in Sources */,
				1BB4ABC92E3EF4BC0034BB03 /* MedTrackApp.swift in Sources */,
				1BB4ABE32E41298F0034BB03 /* AddMedicineView.swift in Sources */,
				1BB4ABE72E44399E0034BB03 /* NotificationManager.swift in Sources */,
				1BB4ABCA2E3EF4BC0034BB03 /* Persistence.swift in Sources */,
			);
			runOnlyForDeploymentPostprocessing = 0;
		};
		1BB4AB7D2E3EF43A0034BB03 /* Sources */ = {
			isa = PBXSourcesBuildPhase;
			buildActionMask = 2147483647;
			files = (
			);
			runOnlyForDeploymentPostprocessing = 0;
		};
		1BB4AB872E3EF43A0034BB03 /* Sources */ = {
			isa = PBXSourcesBuildPhase;
			buildActionMask = 2147483647;
			files = (
			);
			runOnlyForDeploymentPostprocessing = 0;
		};
/* End PBXSourcesBuildPhase section */

/* Begin PBXTargetDependency section */
		1BB4AB832E3EF43A0034BB03 /* PBXTargetDependency */ = {
			isa = PBXTargetDependency;
			target = 1BB4AB6C2E3EF4380034BB03 /* MedTrack */;
			targetProxy = 1BB4AB822E3EF43A0034BB03 /* PBXContainerItemProxy */;
		};
		1BB4AB8D2E3EF43A0034BB03 /* PBXTargetDependency */ = {
			isa = PBXTargetDependency;
			target = 1BB4AB6C2E3EF4380034BB03 /* MedTrack */;
			targetProxy = 1BB4AB8C2E3EF43A0034BB03 /* PBXContainerItemProxy */;
		};
/* End PBXTargetDependency section */

/* Begin XCBuildConfiguration section */
		1BB4AB952E3EF43A0034BB03 /* Debug */ = {
			isa = XCBuildConfiguration;
			buildSettings = {
				ASSETCATALOG_COMPILER_APPICON_NAME = AppIcon;
				ASSETCATALOG_COMPILER_GLOBAL_ACCENT_COLOR_NAME = AccentColor;
				CODE_SIGN_ENTITLEMENTS = MedTrack/MedTrack.entitlements;
				CODE_SIGN_STYLE = Automatic;
				CURRENT_PROJECT_VERSION = 1;
				DEVELOPMENT_TEAM = 5RL663BM4C;
				ENABLE_PREVIEWS = YES;
				GENERATE_INFOPLIST_FILE = YES;
				INFOPLIST_FILE = MedTrack/Info.plist;
				INFOPLIST_KEY_UIApplicationSceneManifest_Generation = YES;
				INFOPLIST_KEY_UIApplicationSupportsIndirectInputEvents = YES;
				INFOPLIST_KEY_UILaunchScreen_Generation = YES;
				INFOPLIST_KEY_UISupportedInterfaceOrientations_iPad = "UIInterfaceOrientationPortrait UIInterfaceOrientationPortraitUpsideDown UIInterfaceOrientationLandscapeLeft UIInterfaceOrientationLandscapeRight";
				INFOPLIST_KEY_UISupportedInterfaceOrientations_iPhone = "UIInterfaceOrientationPortrait UIInterfaceOrientationLandscapeLeft UIInterfaceOrientationLandscapeRight";
				LD_RUNPATH_SEARCH_PATHS = (
					"$(inherited)",
					"@executable_path/Frameworks",
				);
				MARKETING_VERSION = 1.0;
				PRODUCT_BUNDLE_IDENTIFIER = com.aryan.MedTrack;
				PRODUCT_NAME = "$(TARGET_NAME)";
				SWIFT_EMIT_LOC_STRINGS = YES;
				SWIFT_VERSION = 5.0;
				TARGETED_DEVICE_FAMILY = "1,2";
			};
			name = Debug;
		};
		1BB4AB962E3EF43A0034BB03 /* Release */ = {
			isa = XCBuildConfiguration;
			buildSettings = {
				ASSETCATALOG_COMPILER_APPICON_NAME = AppIcon;
				ASSETCATALOG_COMPILER_GLOBAL_ACCENT_COLOR_NAME = AccentColor;
				CODE_SIGN_ENTITLEMENTS = MedTrack/MedTrack.entitlements;
				CODE_SIGN_STYLE = Automatic;
				CURRENT_PROJECT_VERSION = 1;
				DEVELOPMENT_TEAM = 5RL663BM4C;
				ENABLE_PREVIEWS = YES;
				GENERATE_INFOPLIST_FILE = YES;
				INFOPLIST_FILE = MedTrack/Info.plist;
				INFOPLIST_KEY_UIApplicationSceneManifest_Generation = YES;
				INFOPLIST_KEY_UIApplicationSupportsIndirectInputEvents = YES;
				INFOPLIST_KEY_UILaunchScreen_Generation = YES;
				INFOPLIST_KEY_UISupportedInterfaceOrientations_iPad = "UIInterfaceOrientationPortrait UIInterfaceOrientationPortraitUpsideDown UIInterfaceOrientationLandscapeLeft UIInterfaceOrientationLandscapeRight";
				INFOPLIST_KEY_UISupportedInterfaceOrientations_iPhone = "UIInterfaceOrientationPortrait UIInterfaceOrientationLandscapeLeft UIInterfaceOrientationLandscapeRight";
				LD_RUNPATH_SEARCH_PATHS = (
					"$(inherited)",
					"@executable_path/Frameworks",
				);
				MARKETING_VERSION = 1.0;
				PRODUCT_BUNDLE_IDENTIFIER = com.aryan.MedTrack;
				PRODUCT_NAME = "$(TARGET_NAME)";
				SWIFT_EMIT_LOC_STRINGS = YES;
				SWIFT_VERSION = 5.0;
				TARGETED_DEVICE_FAMILY = "1,2";
			};
			name = Release;
		};
		1BB4AB972E3EF43A0034BB03 /* Debug */ = {
			isa = XCBuildConfiguration;
			buildSettings = {
				ALWAYS_SEARCH_USER_PATHS = NO;
				ASSETCATALOG_COMPILER_GENERATE_SWIFT_ASSET_SYMBOL_EXTENSIONS = YES;
				CLANG_ANALYZER_NONNULL = YES;
				CLANG_ANALYZER_NUMBER_OBJECT_CONVERSION = YES_AGGRESSIVE;
				CLANG_CXX_LANGUAGE_STANDARD = "gnu++20";
				CLANG_ENABLE_MODULES = YES;
				CLANG_ENABLE_OBJC_ARC = YES;
				CLANG_ENABLE_OBJC_WEAK = YES;
				CLANG_WARN_BLOCK_CAPTURE_AUTORELEASING = YES;
				CLANG_WARN_BOOL_CONVERSION = YES;
				CLANG_WARN_COMMA = YES;
				CLANG_WARN_CONSTANT_CONVERSION = YES;
				CLANG_WARN_DEPRECATED_OBJC_IMPLEMENTATIONS = YES;
				CLANG_WARN_DIRECT_OBJC_ISA_USAGE = YES_ERROR;
				CLANG_WARN_DOCUMENTATION_COMMENTS = YES;
				CLANG_WARN_EMPTY_BODY = YES;
				CLANG_WARN_ENUM_CONVERSION = YES;
				CLANG_WARN_INFINITE_RECURSION = YES;
				CLANG_WARN_INT_CONVERSION = YES;
				CLANG_WARN_NON_LITERAL_NULL_CONVERSION = YES;
				CLANG_WARN_OBJC_IMPLICIT_RETAIN_SELF = YES;
				CLANG_WARN_OBJC_LITERAL_CONVERSION = YES;
				CLANG_WARN_OBJC_ROOT_CLASS = YES_ERROR;
				CLANG_WARN_QUOTED_INCLUDE_IN_FRAMEWORK_HEADER = YES;
				CLANG_WARN_RANGE_LOOP_ANALYSIS = YES;
				CLANG_WARN_STRICT_PROTOTYPES = YES;
				CLANG_WARN_SUSPICIOUS_MOVE = YES;
				CLANG_WARN_UNGUARDED_AVAILABILITY = YES_AGGRESSIVE;
				CLANG_WARN_UNREACHABLE_CODE = YES;
				CLANG_WARN__DUPLICATE_METHOD_MATCH = YES;
				COPY_PHASE_STRIP = NO;
				DEBUG_INFORMATION_FORMAT = dwarf;
				DEVELOPMENT_TEAM = 5RL663BM4C;
				ENABLE_STRICT_OBJC_MSGSEND = YES;
				ENABLE_TESTABILITY = YES;
				ENABLE_USER_SCRIPT_SANDBOXING = YES;
				GCC_C_LANGUAGE_STANDARD = gnu17;
				GCC_DYNAMIC_NO_PIC = NO;
				GCC_NO_COMMON_BLOCKS = YES;
				GCC_OPTIMIZATION_LEVEL = 0;
				GCC_PREPROCESSOR_DEFINITIONS = (
					"DEBUG=1",
					"$(inherited)",
				);
				GCC_WARN_64_TO_32_BIT_CONVERSION = YES;
				GCC_WARN_ABOUT_RETURN_TYPE = YES_ERROR;
				GCC_WARN_UNDECLARED_SELECTOR = YES;
				GCC_WARN_UNINITIALIZED_AUTOS = YES_AGGRESSIVE;
				GCC_WARN_UNUSED_FUNCTION = YES;
				GCC_WARN_UNUSED_VARIABLE = YES;
				IPHONEOS_DEPLOYMENT_TARGET = 18.5;
				LOCALIZATION_PREFERS_STRING_CATALOGS = YES;
				MTL_ENABLE_DEBUG_INFO = INCLUDE_SOURCE;
				MTL_FAST_MATH = YES;
				ONLY_ACTIVE_ARCH = YES;
				SDKROOT = iphoneos;
				SWIFT_ACTIVE_COMPILATION_CONDITIONS = "DEBUG $(inherited)";
				SWIFT_OPTIMIZATION_LEVEL = "-Onone";
			};
			name = Debug;
		};
		1BB4AB982E3EF43A0034BB03 /* Release */ = {
			isa = XCBuildConfiguration;
			buildSettings = {
				ALWAYS_SEARCH_USER_PATHS = NO;
				ASSETCATALOG_COMPILER_GENERATE_SWIFT_ASSET_SYMBOL_EXTENSIONS = YES;
				CLANG_ANALYZER_NONNULL = YES;
				CLANG_ANALYZER_NUMBER_OBJECT_CONVERSION = YES_AGGRESSIVE;
				CLANG_CXX_LANGUAGE_STANDARD = "gnu++20";
				CLANG_ENABLE_MODULES = YES;
				CLANG_ENABLE_OBJC_ARC = YES;
				CLANG_ENABLE_OBJC_WEAK = YES;
				CLANG_WARN_BLOCK_CAPTURE_AUTORELEASING = YES;
				CLANG_WARN_BOOL_CONVERSION = YES;
				CLANG_WARN_COMMA = YES;
				CLANG_WARN_CONSTANT_CONVERSION = YES;
				CLANG_WARN_DEPRECATED_OBJC_IMPLEMENTATIONS = YES;
				CLANG_WARN_DIRECT_OBJC_ISA_USAGE = YES_ERROR;
				CLANG_WARN_DOCUMENTATION_COMMENTS = YES;
				CLANG_WARN_EMPTY_BODY = YES;
				CLANG_WARN_ENUM_CONVERSION = YES;
				CLANG_WARN_INFINITE_RECURSION = YES;
				CLANG_WARN_INT_CONVERSION = YES;
				CLANG_WARN_NON_LITERAL_NULL_CONVERSION = YES;
				CLANG_WARN_OBJC_IMPLICIT_RETAIN_SELF = YES;
				CLANG_WARN_OBJC_LITERAL_CONVERSION = YES;
				CLANG_WARN_OBJC_ROOT_CLASS = YES_ERROR;
				CLANG_WARN_QUOTED_INCLUDE_IN_FRAMEWORK_HEADER = YES;
				CLANG_WARN_RANGE_LOOP_ANALYSIS = YES;
				CLANG_WARN_STRICT_PROTOTYPES = YES;
				CLANG_WARN_SUSPICIOUS_MOVE = YES;
				CLANG_WARN_UNGUARDED_AVAILABILITY = YES_AGGRESSIVE;
				CLANG_WARN_UNREACHABLE_CODE = YES;
				CLANG_WARN__DUPLICATE_METHOD_MATCH = YES;
				COPY_PHASE_STRIP = NO;
				DEBUG_INFORMATION_FORMAT = "dwarf-with-dsym";
				DEVELOPMENT_TEAM = 5RL663BM4C;
				ENABLE_NS_ASSERTIONS = NO;
				ENABLE_STRICT_OBJC_MSGSEND = YES;
				ENABLE_USER_SCRIPT_SANDBOXING = YES;
				GCC_C_LANGUAGE_STANDARD = gnu17;
				GCC_NO_COMMON_BLOCKS = YES;
				GCC_WARN_64_TO_32_BIT_CONVERSION = YES;
				GCC_WARN_ABOUT_RETURN_TYPE = YES_ERROR;
				GCC_WARN_UNDECLARED_SELECTOR = YES;
				GCC_WARN_UNINITIALIZED_AUTOS = YES_AGGRESSIVE;
				GCC_WARN_UNUSED_FUNCTION = YES;
				GCC_WARN_UNUSED_VARIABLE = YES;
				IPHONEOS_DEPLOYMENT_TARGET = 18.5;
				LOCALIZATION_PREFERS_STRING_CATALOGS = YES;
				MTL_ENABLE_DEBUG_INFO = NO;
				MTL_FAST_MATH = YES;
				SDKROOT = iphoneos;
				SWIFT_COMPILATION_MODE = wholemodule;
				VALIDATE_PRODUCT = YES;
			};
			name = Release;
		};
		1BB4AB9A2E3EF43A0034BB03 /* Debug */ = {
			isa = XCBuildConfiguration;
			buildSettings = {
				BUNDLE_LOADER = "$(TEST_HOST)";
				CODE_SIGN_STYLE = Automatic;
				CURRENT_PROJECT_VERSION = 1;
				DEVELOPMENT_TEAM = 5RL663BM4C;
				GENERATE_INFOPLIST_FILE = YES;
				IPHONEOS_DEPLOYMENT_TARGET = 18.5;
				MARKETING_VERSION = 1.0;
				PRODUCT_BUNDLE_IDENTIFIER = com.aryan.MedTrackTests;
				PRODUCT_NAME = "$(TARGET_NAME)";
				SWIFT_EMIT_LOC_STRINGS = NO;
				SWIFT_VERSION = 5.0;
				TARGETED_DEVICE_FAMILY = "1,2";
				TEST_HOST = "$(BUILT_PRODUCTS_DIR)/MedTrack.app/$(BUNDLE_EXECUTABLE_FOLDER_PATH)/MedTrack";
			};
			name = Debug;
		};
		1BB4AB9B2E3EF43A0034BB03 /* Release */ = {
			isa = XCBuildConfiguration;
			buildSettings = {
				BUNDLE_LOADER = "$(TEST_HOST)";
				CODE_SIGN_STYLE = Automatic;
				CURRENT_PROJECT_VERSION = 1;
				DEVELOPMENT_TEAM = 5RL663BM4C;
				GENERATE_INFOPLIST_FILE = YES;
				IPHONEOS_DEPLOYMENT_TARGET = 18.5;
				MARKETING_VERSION = 1.0;
				PRODUCT_BUNDLE_IDENTIFIER = com.aryan.MedTrackTests;
				PRODUCT_NAME = "$(TARGET_NAME)";
				SWIFT_EMIT_LOC_STRINGS = NO;
				SWIFT_VERSION = 5.0;
				TARGETED_DEVICE_FAMILY = "1,2";
				TEST_HOST = "$(BUILT_PRODUCTS_DIR)/MedTrack.app/$(BUNDLE_EXECUTABLE_FOLDER_PATH)/MedTrack";
			};
			name = Release;
		};
		1BB4AB9D2E3EF43A0034BB03 /* Debug */ = {
			isa = XCBuildConfiguration;
			buildSettings = {
				CODE_SIGN_STYLE = Automatic;
				CURRENT_PROJECT_VERSION = 1;
				DEVELOPMENT_TEAM = 5RL663BM4C;
				GENERATE_INFOPLIST_FILE = YES;
				MARKETING_VERSION = 1.0;
				PRODUCT_BUNDLE_IDENTIFIER = com.aryan.MedTrackUITests;
				PRODUCT_NAME = "$(TARGET_NAME)";
				SWIFT_EMIT_LOC_STRINGS = NO;
				SWIFT_VERSION = 5.0;
				TARGETED_DEVICE_FAMILY = "1,2";
				TEST_TARGET_NAME = MedTrack;
			};
			name = Debug;
		};
		1BB4AB9E2E3EF43A0034BB03 /* Release */ = {
			isa = XCBuildConfiguration;
			buildSettings = {
				CODE_SIGN_STYLE = Automatic;
				CURRENT_PROJECT_VERSION = 1;
				DEVELOPMENT_TEAM = 5RL663BM4C;
				GENERATE_INFOPLIST_FILE = YES;
				MARKETING_VERSION = 1.0;
				PRODUCT_BUNDLE_IDENTIFIER = com.aryan.MedTrackUITests;
				PRODUCT_NAME = "$(TARGET_NAME)";
				SWIFT_EMIT_LOC_STRINGS = NO;
				SWIFT_VERSION = 5.0;
				TARGETED_DEVICE_FAMILY = "1,2";
				TEST_TARGET_NAME = MedTrack;
			};
			name = Release;
		};
/* End XCBuildConfiguration section */

/* Begin XCConfigurationList section */
		1BB4AB682E3EF4380034BB03 /* Build configuration list for PBXProject "MedTrack" */ = {
			isa = XCConfigurationList;
			buildConfigurations = (
				1BB4AB972E3EF43A0034BB03 /* Debug */,
				1BB4AB982E3EF43A0034BB03 /* Release */,
			);
			defaultConfigurationIsVisible = 0;
			defaultConfigurationName = Release;
		};
		1BB4AB942E3EF43A0034BB03 /* Build configuration list for PBXNativeTarget "MedTrack" */ = {
			isa = XCConfigurationList;
			buildConfigurations = (
				1BB4AB952E3EF43A0034BB03 /* Debug */,
				1BB4AB962E3EF43A0034BB03 /* Release */,
			);
			defaultConfigurationIsVisible = 0;
			defaultConfigurationName = Release;
		};
		1BB4AB992E3EF43A0034BB03 /* Build configuration list for PBXNativeTarget "MedTrackTests" */ = {
			isa = XCConfigurationList;
			buildConfigurations = (
				1BB4AB9A2E3EF43A0034BB03 /* Debug */,
				1BB4AB9B2E3EF43A0034BB03 /* Release */,
			);
			defaultConfigurationIsVisible = 0;
			defaultConfigurationName = Release;
		};
		1BB4AB9C2E3EF43A0034BB03 /* Build configuration list for PBXNativeTarget "MedTrackUITests" */ = {
			isa = XCConfigurationList;
			buildConfigurations = (
				1BB4AB9D2E3EF43A0034BB03 /* Debug */,
				1BB4AB9E2E3EF43A0034BB03 /* Release */,
			);
			defaultConfigurationIsVisible = 0;
			defaultConfigurationName = Release;
		};
/* End XCConfigurationList section */

/* Begin XCVersionGroup section */
		1BB4ABC22E3EF4BC0034BB03 /* MedTrack.xcdatamodeld */ = {
			isa = XCVersionGroup;
			children = (
				1BB4ABC62E3EF4BC0034BB03 /* MedTrack.xcdatamodel */,
			);
			currentVersion = 1BB4ABC62E3EF4BC0034BB03 /* MedTrack.xcdatamodel */;
			path = MedTrack.xcdatamodeld;
			sourceTree = "<group>";
			versionGroupType = wrapper.xcdatamodel;
		};
/* End XCVersionGroup section */
	};
	rootObject = 1BB4AB652E3EF4380034BB03 /* Project object */;
}
